
Microsoft Visual Studio Solution File, Format Version 12.00
# Visual Studio Version 17
VisualStudioVersion = 17.8.34330.188
MinimumVisualStudioVersion = 10.0.40219.1
Project("{FAE04EC0-301F-11D3-BF4B-00C04F79EFBC}") = "Lesson1", "Lesson1\Lesson1.csproj", "{588A0595-B8C0-4293-86F2-2FECB78BB1ED}"
EndProject
Global
	GlobalSection(SolutionConfigurationPlatforms) = preSolution
		Debug|Any CPU = Debug|Any CPU
		Release|Any CPU = Release|Any CPU
	EndGlobalSection
	GlobalSection(ProjectConfigurationPlatforms) = postSolution
		{588A0595-B8C0-4293-86F2-2FECB78BB1ED}.Debug|Any CPU.ActiveCfg = Debug|Any CPU
		{588A0595-B8C0-4293-86F2-2FECB78BB1ED}.Debug|Any CPU.Build.0 = Debug|Any CPU
		{588A0595-B8C0-4293-86F2-2FECB78BB1ED}.Release|Any CPU.ActiveCfg = Release|Any CPU
		{588A0595-B8C0-4293-86F2-2FECB78BB1ED}.Release|Any CPU.Build.0 = Release|Any CPU
	EndGlobalSection
	GlobalSection(SolutionProperties) = preSolution
		HideSolutionNode = FALSE
	EndGlobalSection
	GlobalSection(ExtensibilityGlobals) = postSolution
		SolutionGuid = {B0362F4D-8666-44CE-B761-2596EAD7E15B}
	EndGlobalSection
EndGlobal
