
Microsoft Visual Studio Solution File, Format Version 12.00
# Visual Studio Version 17
VisualStudioVersion = 17.8.34330.188
MinimumVisualStudioVersion = 10.0.40219.1
Project("{FAE04EC0-301F-11D3-BF4B-00C04F79EFBC}") = "Lesson7", "Lesson7\Lesson7.csproj", "{AC60E9DC-3E4B-4A88-A611-0CA5E2EC104D}"
EndProject
Global
	GlobalSection(SolutionConfigurationPlatforms) = preSolution
		Debug|Any CPU = Debug|Any CPU
		Release|Any CPU = Release|Any CPU
	EndGlobalSection
	GlobalSection(ProjectConfigurationPlatforms) = postSolution
		{AC60E9DC-3E4B-4A88-A611-0CA5E2EC104D}.Debug|Any CPU.ActiveCfg = Debug|Any CPU
		{AC60E9DC-3E4B-4A88-A611-0CA5E2EC104D}.Debug|Any CPU.Build.0 = Debug|Any CPU
		{AC60E9DC-3E4B-4A88-A611-0CA5E2EC104D}.Release|Any CPU.ActiveCfg = Release|Any CPU
		{AC60E9DC-3E4B-4A88-A611-0CA5E2EC104D}.Release|Any CPU.Build.0 = Release|Any CPU
	EndGlobalSection
	GlobalSection(SolutionProperties) = preSolution
		HideSolutionNode = FALSE
	EndGlobalSection
	GlobalSection(ExtensibilityGlobals) = postSolution
		SolutionGuid = {6D050B2A-CB60-4E6C-9B01-8FABE7CA3CD4}
	EndGlobalSection
EndGlobal
